// !$*UTF8*$!
{
	archiveVersion = 1;
	classes = {
	};
	objectVersion = 46;
	objects = {

/* Begin PBXBuildFile section */
		1151BC701C7F849800F72F94 /* AppDelegate.swift in Sources */ = {isa = PBXBuildFile; fileRef = 1151BC6F1C7F849800F72F94 /* AppDelegate.swift */; };
		1151BC721C7F849800F72F94 /* ViewController.swift in Sources */ = {isa = PBXBuildFile; fileRef = 1151BC711C7F849800F72F94 /* ViewController.swift */; };
		1151BC751C7F849800F72F94 /* Main.storyboard in Resources */ = {isa = PBXBuildFile; fileRef = 1151BC731C7F849800F72F94 /* Main.storyboard */; };
		1151BC771C7F849800F72F94 /* Assets.xcassets in Resources */ = {isa = PBXBuildFile; fileRef = 1151BC761C7F849800F72F94 /* Assets.xcassets */; };
		1151BC7A1C7F849800F72F94 /* LaunchScreen.storyboard in Resources */ = {isa = PBXBuildFile; fileRef = 1151BC781C7F849800F72F94 /* LaunchScreen.storyboard */; };
		1151BC821C7FC65500F72F94 /* Minecraft.ttf in Resources */ = {isa = PBXBuildFile; fileRef = 1151BC811C7FC65500F72F94 /* Minecraft.ttf */; };
		11C17E4D1C80FA39000F0727 /* btn.wav in Resources */ = {isa = PBXBuildFile; fileRef = 11C17E4C1C80FA39000F0727 /* btn.wav */; };
/* End PBXBuildFile section */

/* Begin PBXFileReference section */
		1151BC6C1C7F849800F72F94 /* retro-space-calculator.app */ = {isa = PBXFileReference; explicitFileType = wrapper.application; includeInIndex = 0; path = "retro-space-calculator.app"; sourceTree = BUILT_PRODUCTS_DIR; };
		1151BC6F1C7F849800F72F94 /* AppDelegate.swift */ = {isa = PBXFileReference; lastKnownFileType = sourcecode.swift; path = AppDelegate.swift; sourceTree = "<group>"; };
		1151BC711C7F849800F72F94 /* ViewController.swift */ = {isa = PBXFileReference; lastKnownFileType = sourcecode.swift; path = ViewController.swift; sourceTree = "<group>"; };
		1151BC741C7F849800F72F94 /* Base */ = {isa = PBXFileReference; lastKnownFileType = file.storyboard; name = Base; path = Base.lproj/Main.storyboard; sourceTree = "<group>"; };
		1151BC761C7F849800F72F94 /* Assets.xcassets */ = {isa = PBXFileReference; lastKnownFileType = folder.assetcatalog; path = Assets.xcassets; sourceTree = "<group>"; };
		1151BC791C7F849800F72F94 /* Base */ = {isa = PBXFileReference; lastKnownFileType = file.storyboard; name = Base; path = Base.lproj/LaunchScreen.storyboard; sourceTree = "<group>"; };
		1151BC7B1C7F849800F72F94 /* Info.plist */ = {isa = PBXFileReference; lastKnownFileType = text.plist.xml; path = Info.plist; sourceTree = "<group>"; };
		1151BC811C7FC65500F72F94 /* Minecraft.ttf */ = {isa = PBXFileReference; lastKnownFileType = file; path = Minecraft.ttf; sourceTree = "<group>"; };
		11C17E4C1C80FA39000F0727 /* btn.wav */ = {isa = PBXFileReference; lastKnownFileType = audio.wav; path = btn.wav; sourceTree = "<group>"; };
/* End PBXFileReference section */

/* Begin PBXFrameworksBuildPhase section */
		1151BC691C7F849800F72F94 /* Frameworks */ = {
			isa = PBXFrameworksBuildPhase;
			buildActionMask = 2147483647;
			files = (
			);
			runOnlyForDeploymentPostprocessing = 0;
		};
/* End PBXFrameworksBuildPhase section */

/* Begin PBXGroup section */
		1151BC631C7F849800F72F94 = {
			isa = PBXGroup;
			children = (
				1151BC6E1C7F849800F72F94 /* retro-space-calculator */,
				1151BC6D1C7F849800F72F94 /* Products */,
			);
			sourceTree = "<group>";
		};
		1151BC6D1C7F849800F72F94 /* Products */ = {
			isa = PBXGroup;
			children = (
				1151BC6C1C7F849800F72F94 /* retro-space-calculator.app */,
			);
			name = Products;
			sourceTree = "<group>";
		};
		1151BC6E1C7F849800F72F94 /* retro-space-calculator */ = {
			isa = PBXGroup;
			children = (
				1151BC811C7FC65500F72F94 /* Minecraft.ttf */,
				11C17E4C1C80FA39000F0727 /* btn.wav */,
				1151BC6F1C7F849800F72F94 /* AppDelegate.swift */,
				1151BC711C7F849800F72F94 /* ViewController.swift */,
				1151BC731C7F849800F72F94 /* Main.storyboard */,
				1151BC761C7F849800F72F94 /* Assets.xcassets */,
				1151BC781C7F849800F72F94 /* LaunchScreen.storyboard */,
				1151BC7B1C7F849800F72F94 /* Info.plist */,
			);
			path = "retro-space-calculator";
			sourceTree = "<group>";
		};
/* End PBXGroup section */

/* Begin PBXNativeTarget section */
		1151BC6B1C7F849800F72F94 /* retro-space-calculator */ = {
			isa = PBXNativeTarget;
			buildConfigurationList = 1151BC7E1C7F849800F72F94 /* Build configuration list for PBXNativeTarget "retro-space-calculator" */;
			buildPhases = (
				1151BC681C7F849800F72F94 /* Sources */,
				1151BC691C7F849800F72F94 /* Frameworks */,
				1151BC6A1C7F849800F72F94 /* Resources */,
			);
			buildRules = (
			);
			dependencies = (
			);
			name = "retro-space-calculator";
			productName = "retro-space-calculator";
			productReference = 1151BC6C1C7F849800F72F94 /* retro-space-calculator.app */;
			productType = "com.apple.product-type.application";
		};
/* End PBXNativeTarget section */

/* Begin PBXProject section */
		1151BC641C7F849800F72F94 /* Project object */ = {
			isa = PBXProject;
			attributes = {
				LastSwiftUpdateCheck = 0720;
				LastUpgradeCheck = 0720;
				ORGANIZATIONNAME = "Vyacheslav Horbach";
				TargetAttributes = {
					1151BC6B1C7F849800F72F94 = {
						CreatedOnToolsVersion = 7.2;
						DevelopmentTeam = HJKK55TVH2;
					};
				};
			};
			buildConfigurationList = 1151BC671C7F849800F72F94 /* Build configuration list for PBXProject "retro-space-calculator" */;
			compatibilityVersion = "Xcode 3.2";
			developmentRegion = English;
			hasScannedForEncodings = 0;
			knownRegions = (
				en,
				Base,
			);
			mainGroup = 1151BC631C7F849800F72F94;
			productRefGroup = 1151BC6D1C7F849800F72F94 /* Products */;
			projectDirPath = "";
			projectRoot = "";
			targets = (
				1151BC6B1C7F849800F72F94 /* retro-space-calculator */,
			);
		};
/* End PBXProject section */

/* Begin PBXResourcesBuildPhase section */
		1151BC6A1C7F849800F72F94 /* Resources */ = {
			isa = PBXResourcesBuildPhase;
			buildActionMask = 2147483647;
			files = (
				11C17E4D1C80FA39000F0727 /* btn.wav in Resources */,
				1151BC7A1C7F849800F72F94 /* LaunchScreen.storyboard in Resources */,
				1151BC771C7F849800F72F94 /* Assets.xcassets in Resources */,
				1151BC821C7FC65500F72F94 /* Minecraft.ttf in Resources */,
				1151BC751C7F849800F72F94 /* Main.storyboard in Resources */,
			);
			runOnlyForDeploymentPostprocessing = 0;
		};
/* End PBXResourcesBuildPhase section */

/* Begin PBXSourcesBuildPhase section */
		1151BC681C7F849800F72F94 /* Sources */ = {
			isa = PBXSourcesBuildPhase;
			buildActionMask = 2147483647;
			files = (
				1151BC721C7F849800F72F94 /* ViewController.swift in Sources */,
				1151BC701C7F849800F72F94 /* AppDelegate.swift in Sources */,
			);
			runOnlyForDeploymentPostprocessing = 0;
		};
/* End PBXSourcesBuildPhase section */

/* Begin PBXVariantGroup section */
		1151BC731C7F849800F72F94 /* Main.storyboard */ = {
			isa = PBXVariantGroup;
			children = (
				1151BC741C7F849800F72F94 /* Base */,
			);
			name = Main.storyboard;
			sourceTree = "<group>";
		};
		1151BC781C7F849800F72F94 /* LaunchScreen.storyboard */ = {
			isa = PBXVariantGroup;
			children = (
				1151BC791C7F849800F72F94 /* Base */,
			);
			name = LaunchScreen.storyboard;
			sourceTree = "<group>";
		};
/* End PBXVariantGroup section */

/* Begin XCBuildConfiguration section */
		1151BC7C1C7F849800F72F94 /* Debug */ = {
			isa = XCBuildConfiguration;
			buildSettings = {
				ALWAYS_SEARCH_USER_PATHS = NO;
				CLANG_CXX_LANGUAGE_STANDARD = "gnu++0x";
				CLANG_CXX_LIBRARY = "libc++";
				CLANG_ENABLE_MODULES = YES;
				CLANG_ENABLE_OBJC_ARC = YES;
				CLANG_WARN_BOOL_CONVERSION = YES;
				CLANG_WARN_CONSTANT_CONVERSION = YES;
				CLANG_WARN_DIRECT_OBJC_ISA_USAGE = YES_ERROR;
				CLANG_WARN_EMPTY_BODY = YES;
				CLANG_WARN_ENUM_CONVERSION = YES;
				CLANG_WARN_INT_CONVERSION = YES;
				CLANG_WARN_OBJC_ROOT_CLASS = YES_ERROR;
				CLANG_WARN_UNREACHABLE_CODE = YES;
				CLANG_WARN__DUPLICATE_METHOD_MATCH = YES;
				"CODE_SIGN_IDENTITY[sdk=iphoneos*]" = "iPhone Developer";
				COPY_PHASE_STRIP = NO;
				DEBUG_INFORMATION_FORMAT = dwarf;
				ENABLE_STRICT_OBJC_MSGSEND = YES;
				ENABLE_TESTABILITY = YES;
				GCC_C_LANGUAGE_STANDARD = gnu99;
				GCC_DYNAMIC_NO_PIC = NO;
				GCC_NO_COMMON_BLOCKS = YES;
				GCC_OPTIMIZATION_LEVEL = 0;
				GCC_PREPROCESSOR_DEFINITIONS = (
					"DEBUG=1",
					"$(inherited)",
				);
				GCC_WARN_64_TO_32_BIT_CONVERSION = YES;
				GCC_WARN_ABOUT_RETURN_TYPE = YES_ERROR;
				GCC_WARN_UNDECLARED_SELECTOR = YES;
				GCC_WARN_UNINITIALIZED_AUTOS = YES_AGGRESSIVE;
				GCC_WARN_UNUSED_FUNCTION = YES;
				GCC_WARN_UNUSED_VARIABLE = YES;
				IPHONEOS_DEPLOYMENT_TARGET = 9.2;
				MTL_ENABLE_DEBUG_INFO = YES;
				ONLY_ACTIVE_ARCH = YES;
				SDKROOT = iphoneos;
				SWIFT_OPTIMIZATION_LEVEL = "-Onone";
			};
			name = Debug;
		};
		1151BC7D1C7F849800F72F94 /* Release */ = {
			isa = XCBuildConfiguration;
			buildSettings = {
				ALWAYS_SEARCH_USER_PATHS = NO;
				CLANG_CXX_LANGUAGE_STANDARD = "gnu++0x";
				CLANG_CXX_LIBRARY = "libc++";
				CLANG_ENABLE_MODULES = YES;
				CLANG_ENABLE_OBJC_ARC = YES;
				CLANG_WARN_BOOL_CONVERSION = YES;
				CLANG_WARN_CONSTANT_CONVERSION = YES;
				CLANG_WARN_DIRECT_OBJC_ISA_USAGE = YES_ERROR;
				CLANG_WARN_EMPTY_BODY = YES;
				CLANG_WARN_ENUM_CONVERSION = YES;
				CLANG_WARN_INT_CONVERSION = YES;
				CLANG_WARN_OBJC_ROOT_CLASS = YES_ERROR;
				CLANG_WARN_UNREACHABLE_CODE = YES;
				CLANG_WARN__DUPLICATE_METHOD_MATCH = YES;
				"CODE_SIGN_IDENTITY[sdk=iphoneos*]" = "iPhone Developer";
				COPY_PHASE_STRIP = NO;
				DEBUG_INFORMATION_FORMAT = "dwarf-with-dsym";
				ENABLE_NS_ASSERTIONS = NO;
				ENABLE_STRICT_OBJC_MSGSEND = YES;
				GCC_C_LANGUAGE_STANDARD = gnu99;
				GCC_NO_COMMON_BLOCKS = YES;
				GCC_WARN_64_TO_32_BIT_CONVERSION = YES;
				GCC_WARN_ABOUT_RETURN_TYPE = YES_ERROR;
				GCC_WARN_UNDECLARED_SELECTOR = YES;
				GCC_WARN_UNINITIALIZED_AUTOS = YES_AGGRESSIVE;
				GCC_WARN_UNUSED_FUNCTION = YES;
				GCC_WARN_UNUSED_VARIABLE = YES;
				IPHONEOS_DEPLOYMENT_TARGET = 9.2;
				MTL_ENABLE_DEBUG_INFO = NO;
				SDKROOT = iphoneos;
				VALIDATE_PRODUCT = YES;
			};
			name = Release;
		};
		1151BC7F1C7F849800F72F94 /* Debug */ = {
			isa = XCBuildConfiguration;
			buildSettings = {
				ASSETCATALOG_COMPILER_APPICON_NAME = AppIcon;
				INFOPLIST_FILE = "retro-space-calculator/Info.plist";
				LD_RUNPATH_SEARCH_PATHS = "$(inherited) @executable_path/Frameworks";
				PRODUCT_BUNDLE_IDENTIFIER = "com.VyacheslavHorbach.retro-space-calculator";
				PRODUCT_NAME = "$(TARGET_NAME)";
			};
			name = Debug;
		};
		1151BC801C7F849800F72F94 /* Release */ = {
			isa = XCBuildConfiguration;
			buildSettings = {
				ASSETCATALOG_COMPILER_APPICON_NAME = AppIcon;
				INFOPLIST_FILE = "retro-space-calculator/Info.plist";
				LD_RUNPATH_SEARCH_PATHS = "$(inherited) @executable_path/Frameworks";
				PRODUCT_BUNDLE_IDENTIFIER = "com.VyacheslavHorbach.retro-space-calculator";
				PRODUCT_NAME = "$(TARGET_NAME)";
			};
			name = Release;
		};
/* End XCBuildConfiguration section */

/* Begin XCConfigurationList section */
		1151BC671C7F849800F72F94 /* Build configuration list for PBXProject "retro-space-calculator" */ = {
			isa = XCConfigurationList;
			buildConfigurations = (
				1151BC7C1C7F849800F72F94 /* Debug */,
				1151BC7D1C7F849800F72F94 /* Release */,
			);
			defaultConfigurationIsVisible = 0;
			defaultConfigurationName = Release;
		};
		1151BC7E1C7F849800F72F94 /* Build configuration list for PBXNativeTarget "retro-space-calculator" */ = {
			isa = XCConfigurationList;
			buildConfigurations = (
				1151BC7F1C7F849800F72F94 /* Debug */,
				1151BC801C7F849800F72F94 /* Release */,
			);
			defaultConfigurationIsVisible = 0;
			defaultConfigurationName = Release;
		};
/* End XCConfigurationList section */
	};
	rootObject = 1151BC641C7F849800F72F94 /* Project object */;
}
